// !$*UTF8*$!
{
	archiveVersion = 1;
	classes = {
	};
	objectVersion = 55;
	objects = {

/* Begin PBXBuildFile section */
		2244E05A274C87A500D70C0E /* AppDelegate.swift in Sources */ = {isa = PBXBuildFile; fileRef = 2244E059274C87A500D70C0E /* AppDelegate.swift */; };
		2244E05C274C87A500D70C0E /* SceneDelegate.swift in Sources */ = {isa = PBXBuildFile; fileRef = 2244E05B274C87A500D70C0E /* SceneDelegate.swift */; };
		2244E061274C87A500D70C0E /* Main.storyboard in Resources */ = {isa = PBXBuildFile; fileRef = 2244E05F274C87A500D70C0E /* Main.storyboard */; };
		2244E063274C87A600D70C0E /* Assets.xcassets in Resources */ = {isa = PBXBuildFile; fileRef = 2244E062274C87A600D70C0E /* Assets.xcassets */; };
		2244E066274C87A600D70C0E /* LaunchScreen.storyboard in Resources */ = {isa = PBXBuildFile; fileRef = 2244E064274C87A600D70C0E /* LaunchScreen.storyboard */; };
		2244E071274C87A700D70C0E /* xkcd_iOSTests.swift in Sources */ = {isa = PBXBuildFile; fileRef = 2244E070274C87A700D70C0E /* xkcd_iOSTests.swift */; };
		2244E07B274C87A700D70C0E /* xkcd_iOSUITests.swift in Sources */ = {isa = PBXBuildFile; fileRef = 2244E07A274C87A700D70C0E /* xkcd_iOSUITests.swift */; };
		2244E07D274C87A700D70C0E /* xkcd_iOSUITestsLaunchTests.swift in Sources */ = {isa = PBXBuildFile; fileRef = 2244E07C274C87A700D70C0E /* xkcd_iOSUITestsLaunchTests.swift */; };
		2244E08A274C884400D70C0E /* SearchListViewController.swift in Sources */ = {isa = PBXBuildFile; fileRef = 2244E089274C884400D70C0E /* SearchListViewController.swift */; };
		2244E08E274C88C600D70C0E /* NetworkManager.swift in Sources */ = {isa = PBXBuildFile; fileRef = 2244E08D274C88C600D70C0E /* NetworkManager.swift */; };
		2244E090274C897C00D70C0E /* RelevantComicResponse.swift in Sources */ = {isa = PBXBuildFile; fileRef = 2244E08F274C897C00D70C0E /* RelevantComicResponse.swift */; };
		2244E092274C899000D70C0E /* RelevantComic.swift in Sources */ = {isa = PBXBuildFile; fileRef = 2244E091274C899000D70C0E /* RelevantComic.swift */; };
		2244E094274C89EB00D70C0E /* XkcdComic.swift in Sources */ = {isa = PBXBuildFile; fileRef = 2244E093274C89EB00D70C0E /* XkcdComic.swift */; };
		2244E096274C8A6200D70C0E /* ComicsCollectionViewCell.swift in Sources */ = {isa = PBXBuildFile; fileRef = 2244E095274C8A6200D70C0E /* ComicsCollectionViewCell.swift */; };
		2244E09A274C8BF800D70C0E /* ComicsError.swift in Sources */ = {isa = PBXBuildFile; fileRef = 2244E099274C8BF800D70C0E /* ComicsError.swift */; };
		2244E09C274C8D5A00D70C0E /* DetailViewController.swift in Sources */ = {isa = PBXBuildFile; fileRef = 2244E09B274C8D5A00D70C0E /* DetailViewController.swift */; };
		2244E09E274C993900D70C0E /* WebViewController.swift in Sources */ = {isa = PBXBuildFile; fileRef = 2244E09D274C993900D70C0E /* WebViewController.swift */; };
		2244E0A0274CA3F700D70C0E /* Environment.swift in Sources */ = {isa = PBXBuildFile; fileRef = 2244E09F274CA3F700D70C0E /* Environment.swift */; };
/* End PBXBuildFile section */

/* Begin PBXContainerItemProxy section */
		2244E06D274C87A700D70C0E /* PBXContainerItemProxy */ = {
			isa = PBXContainerItemProxy;
			containerPortal = 2244E04E274C87A500D70C0E /* Project object */;
			proxyType = 1;
			remoteGlobalIDString = 2244E055274C87A500D70C0E;
			remoteInfo = "xkcd-iOS";
		};
		2244E077274C87A700D70C0E /* PBXContainerItemProxy */ = {
			isa = PBXContainerItemProxy;
			containerPortal = 2244E04E274C87A500D70C0E /* Project object */;
			proxyType = 1;
			remoteGlobalIDString = 2244E055274C87A500D70C0E;
			remoteInfo = "xkcd-iOS";
		};
/* End PBXContainerItemProxy section */

/* Begin PBXFileReference section */
		2244E056274C87A500D70C0E /* xkcd-iOS.app */ = {isa = PBXFileReference; explicitFileType = wrapper.application; includeInIndex = 0; path = "xkcd-iOS.app"; sourceTree = BUILT_PRODUCTS_DIR; };
		2244E059274C87A500D70C0E /* AppDelegate.swift */ = {isa = PBXFileReference; lastKnownFileType = sourcecode.swift; path = AppDelegate.swift; sourceTree = "<group>"; };
		2244E05B274C87A500D70C0E /* SceneDelegate.swift */ = {isa = PBXFileReference; lastKnownFileType = sourcecode.swift; path = SceneDelegate.swift; sourceTree = "<group>"; };
		2244E060274C87A500D70C0E /* Base */ = {isa = PBXFileReference; lastKnownFileType = file.storyboard; name = Base; path = Base.lproj/Main.storyboard; sourceTree = "<group>"; };
		2244E062274C87A600D70C0E /* Assets.xcassets */ = {isa = PBXFileReference; lastKnownFileType = folder.assetcatalog; path = Assets.xcassets; sourceTree = "<group>"; };
		2244E065274C87A600D70C0E /* Base */ = {isa = PBXFileReference; lastKnownFileType = file.storyboard; name = Base; path = Base.lproj/LaunchScreen.storyboard; sourceTree = "<group>"; };
		2244E067274C87A600D70C0E /* Info.plist */ = {isa = PBXFileReference; lastKnownFileType = text.plist.xml; path = Info.plist; sourceTree = "<group>"; };
		2244E06C274C87A700D70C0E /* xkcd-iOSTests.xctest */ = {isa = PBXFileReference; explicitFileType = wrapper.cfbundle; includeInIndex = 0; path = "xkcd-iOSTests.xctest"; sourceTree = BUILT_PRODUCTS_DIR; };
		2244E070274C87A700D70C0E /* xkcd_iOSTests.swift */ = {isa = PBXFileReference; lastKnownFileType = sourcecode.swift; path = xkcd_iOSTests.swift; sourceTree = "<group>"; };
		2244E076274C87A700D70C0E /* xkcd-iOSUITests.xctest */ = {isa = PBXFileReference; explicitFileType = wrapper.cfbundle; includeInIndex = 0; path = "xkcd-iOSUITests.xctest"; sourceTree = BUILT_PRODUCTS_DIR; };
		2244E07A274C87A700D70C0E /* xkcd_iOSUITests.swift */ = {isa = PBXFileReference; lastKnownFileType = sourcecode.swift; path = xkcd_iOSUITests.swift; sourceTree = "<group>"; };
		2244E07C274C87A700D70C0E /* xkcd_iOSUITestsLaunchTests.swift */ = {isa = PBXFileReference; lastKnownFileType = sourcecode.swift; path = xkcd_iOSUITestsLaunchTests.swift; sourceTree = "<group>"; };
		2244E089274C884400D70C0E /* SearchListViewController.swift */ = {isa = PBXFileReference; fileEncoding = 4; lastKnownFileType = sourcecode.swift; path = SearchListViewController.swift; sourceTree = "<group>"; };
		2244E08D274C88C600D70C0E /* NetworkManager.swift */ = {isa = PBXFileReference; lastKnownFileType = sourcecode.swift; path = NetworkManager.swift; sourceTree = "<group>"; };
		2244E08F274C897C00D70C0E /* RelevantComicResponse.swift */ = {isa = PBXFileReference; lastKnownFileType = sourcecode.swift; path = RelevantComicResponse.swift; sourceTree = "<group>"; };
		2244E091274C899000D70C0E /* RelevantComic.swift */ = {isa = PBXFileReference; lastKnownFileType = sourcecode.swift; path = RelevantComic.swift; sourceTree = "<group>"; };
		2244E093274C89EB00D70C0E /* XkcdComic.swift */ = {isa = PBXFileReference; lastKnownFileType = sourcecode.swift; path = XkcdComic.swift; sourceTree = "<group>"; };
		2244E095274C8A6200D70C0E /* ComicsCollectionViewCell.swift */ = {isa = PBXFileReference; lastKnownFileType = sourcecode.swift; path = ComicsCollectionViewCell.swift; sourceTree = "<group>"; };
		2244E099274C8BF800D70C0E /* ComicsError.swift */ = {isa = PBXFileReference; lastKnownFileType = sourcecode.swift; path = ComicsError.swift; sourceTree = "<group>"; };
		2244E09B274C8D5A00D70C0E /* DetailViewController.swift */ = {isa = PBXFileReference; lastKnownFileType = sourcecode.swift; path = DetailViewController.swift; sourceTree = "<group>"; };
		2244E09D274C993900D70C0E /* WebViewController.swift */ = {isa = PBXFileReference; lastKnownFileType = sourcecode.swift; path = WebViewController.swift; sourceTree = "<group>"; };
		2244E09F274CA3F700D70C0E /* Environment.swift */ = {isa = PBXFileReference; lastKnownFileType = sourcecode.swift; path = Environment.swift; sourceTree = "<group>"; };
/* End PBXFileReference section */

/* Begin PBXFrameworksBuildPhase section */
		2244E053274C87A500D70C0E /* Frameworks */ = {
			isa = PBXFrameworksBuildPhase;
			buildActionMask = 2147483647;
			files = (
			);
			runOnlyForDeploymentPostprocessing = 0;
		};
		2244E069274C87A700D70C0E /* Frameworks */ = {
			isa = PBXFrameworksBuildPhase;
			buildActionMask = 2147483647;
			files = (
			);
			runOnlyForDeploymentPostprocessing = 0;
		};
		2244E073274C87A700D70C0E /* Frameworks */ = {
			isa = PBXFrameworksBuildPhase;
			buildActionMask = 2147483647;
			files = (
			);
			runOnlyForDeploymentPostprocessing = 0;
		};
/* End PBXFrameworksBuildPhase section */

/* Begin PBXGroup section */
		2244E04D274C87A500D70C0E = {
			isa = PBXGroup;
			children = (
				2244E058274C87A500D70C0E /* xkcd-iOS */,
				2244E06F274C87A700D70C0E /* xkcd-iOSTests */,
				2244E079274C87A700D70C0E /* xkcd-iOSUITests */,
				2244E057274C87A500D70C0E /* Products */,
			);
			sourceTree = "<group>";
		};
		2244E057274C87A500D70C0E /* Products */ = {
			isa = PBXGroup;
			children = (
				2244E056274C87A500D70C0E /* xkcd-iOS.app */,
				2244E06C274C87A700D70C0E /* xkcd-iOSTests.xctest */,
				2244E076274C87A700D70C0E /* xkcd-iOSUITests.xctest */,
			);
			name = Products;
			sourceTree = "<group>";
		};
		2244E058274C87A500D70C0E /* xkcd-iOS */ = {
			isa = PBXGroup;
			children = (
				2244E059274C87A500D70C0E /* AppDelegate.swift */,
				2244E05B274C87A500D70C0E /* SceneDelegate.swift */,
				2244E089274C884400D70C0E /* SearchListViewController.swift */,
				2244E095274C8A6200D70C0E /* ComicsCollectionViewCell.swift */,
				2244E09B274C8D5A00D70C0E /* DetailViewController.swift */,
				2244E09D274C993900D70C0E /* WebViewController.swift */,
				2244E09F274CA3F700D70C0E /* Environment.swift */,
				2244E08C274C88B600D70C0E /* NetworkManager */,
				2244E08B274C888900D70C0E /* Model */,
				2244E05F274C87A500D70C0E /* Main.storyboard */,
				2244E062274C87A600D70C0E /* Assets.xcassets */,
				2244E064274C87A600D70C0E /* LaunchScreen.storyboard */,
				2244E067274C87A600D70C0E /* Info.plist */,
			);
			path = "xkcd-iOS";
			sourceTree = "<group>";
		};
		2244E06F274C87A700D70C0E /* xkcd-iOSTests */ = {
			isa = PBXGroup;
			children = (
				2244E070274C87A700D70C0E /* xkcd_iOSTests.swift */,
			);
			path = "xkcd-iOSTests";
			sourceTree = "<group>";
		};
		2244E079274C87A700D70C0E /* xkcd-iOSUITests */ = {
			isa = PBXGroup;
			children = (
				2244E07A274C87A700D70C0E /* xkcd_iOSUITests.swift */,
				2244E07C274C87A700D70C0E /* xkcd_iOSUITestsLaunchTests.swift */,
			);
			path = "xkcd-iOSUITests";
			sourceTree = "<group>";
		};
		2244E08B274C888900D70C0E /* Model */ = {
			isa = PBXGroup;
			children = (
				2244E08F274C897C00D70C0E /* RelevantComicResponse.swift */,
				2244E091274C899000D70C0E /* RelevantComic.swift */,
				2244E093274C89EB00D70C0E /* XkcdComic.swift */,
			);
			path = Model;
			sourceTree = "<group>";
		};
		2244E08C274C88B600D70C0E /* NetworkManager */ = {
			isa = PBXGroup;
			children = (
				2244E08D274C88C600D70C0E /* NetworkManager.swift */,
				2244E099274C8BF800D70C0E /* ComicsError.swift */,
			);
			path = NetworkManager;
			sourceTree = "<group>";
		};
/* End PBXGroup section */

/* Begin PBXNativeTarget section */
		2244E055274C87A500D70C0E /* xkcd-iOS */ = {
			isa = PBXNativeTarget;
			buildConfigurationList = 2244E080274C87A700D70C0E /* Build configuration list for PBXNativeTarget "xkcd-iOS" */;
			buildPhases = (
				2244E052274C87A500D70C0E /* Sources */,
				2244E053274C87A500D70C0E /* Frameworks */,
				2244E054274C87A500D70C0E /* Resources */,
			);
			buildRules = (
			);
			dependencies = (
			);
			name = "xkcd-iOS";
			productName = "xkcd-iOS";
			productReference = 2244E056274C87A500D70C0E /* xkcd-iOS.app */;
			productType = "com.apple.product-type.application";
		};
		2244E06B274C87A700D70C0E /* xkcd-iOSTests */ = {
			isa = PBXNativeTarget;
			buildConfigurationList = 2244E083274C87A700D70C0E /* Build configuration list for PBXNativeTarget "xkcd-iOSTests" */;
			buildPhases = (
				2244E068274C87A700D70C0E /* Sources */,
				2244E069274C87A700D70C0E /* Frameworks */,
				2244E06A274C87A700D70C0E /* Resources */,
			);
			buildRules = (
			);
			dependencies = (
				2244E06E274C87A700D70C0E /* PBXTargetDependency */,
			);
			name = "xkcd-iOSTests";
			productName = "xkcd-iOSTests";
			productReference = 2244E06C274C87A700D70C0E /* xkcd-iOSTests.xctest */;
			productType = "com.apple.product-type.bundle.unit-test";
		};
		2244E075274C87A700D70C0E /* xkcd-iOSUITests */ = {
			isa = PBXNativeTarget;
			buildConfigurationList = 2244E086274C87A700D70C0E /* Build configuration list for PBXNativeTarget "xkcd-iOSUITests" */;
			buildPhases = (
				2244E072274C87A700D70C0E /* Sources */,
				2244E073274C87A700D70C0E /* Frameworks */,
				2244E074274C87A700D70C0E /* Resources */,
			);
			buildRules = (
			);
			dependencies = (
				2244E078274C87A700D70C0E /* PBXTargetDependency */,
			);
			name = "xkcd-iOSUITests";
			productName = "xkcd-iOSUITests";
			productReference = 2244E076274C87A700D70C0E /* xkcd-iOSUITests.xctest */;
			productType = "com.apple.product-type.bundle.ui-testing";
		};
/* End PBXNativeTarget section */

/* Begin PBXProject section */
		2244E04E274C87A500D70C0E /* Project object */ = {
			isa = PBXProject;
			attributes = {
				BuildIndependentTargetsInParallel = 1;
				LastSwiftUpdateCheck = 1310;
				LastUpgradeCheck = 1310;
				TargetAttributes = {
					2244E055274C87A500D70C0E = {
						CreatedOnToolsVersion = 13.1;
					};
					2244E06B274C87A700D70C0E = {
						CreatedOnToolsVersion = 13.1;
						TestTargetID = 2244E055274C87A500D70C0E;
					};
					2244E075274C87A700D70C0E = {
						CreatedOnToolsVersion = 13.1;
						TestTargetID = 2244E055274C87A500D70C0E;
					};
				};
			};
			buildConfigurationList = 2244E051274C87A500D70C0E /* Build configuration list for PBXProject "xkcd-iOS" */;
			compatibilityVersion = "Xcode 13.0";
			developmentRegion = en;
			hasScannedForEncodings = 0;
			knownRegions = (
				en,
				Base,
			);
			mainGroup = 2244E04D274C87A500D70C0E;
			productRefGroup = 2244E057274C87A500D70C0E /* Products */;
			projectDirPath = "";
			projectRoot = "";
			targets = (
				2244E055274C87A500D70C0E /* xkcd-iOS */,
				2244E06B274C87A700D70C0E /* xkcd-iOSTests */,
				2244E075274C87A700D70C0E /* xkcd-iOSUITests */,
			);
		};
/* End PBXProject section */

/* Begin PBXResourcesBuildPhase section */
		2244E054274C87A500D70C0E /* Resources */ = {
			isa = PBXResourcesBuildPhase;
			buildActionMask = 2147483647;
			files = (
				2244E066274C87A600D70C0E /* LaunchScreen.storyboard in Resources */,
				2244E063274C87A600D70C0E /* Assets.xcassets in Resources */,
				2244E061274C87A500D70C0E /* Main.storyboard in Resources */,
			);
			runOnlyForDeploymentPostprocessing = 0;
		};
		2244E06A274C87A700D70C0E /* Resources */ = {
			isa = PBXResourcesBuildPhase;
			buildActionMask = 2147483647;
			files = (
			);
			runOnlyForDeploymentPostprocessing = 0;
		};
		2244E074274C87A700D70C0E /* Resources */ = {
			isa = PBXResourcesBuildPhase;
			buildActionMask = 2147483647;
			files = (
			);
			runOnlyForDeploymentPostprocessing = 0;
		};
/* End PBXResourcesBuildPhase section */

/* Begin PBXSourcesBuildPhase section */
		2244E052274C87A500D70C0E /* Sources */ = {
			isa = PBXSourcesBuildPhase;
			buildActionMask = 2147483647;
			files = (
				2244E08E274C88C600D70C0E /* NetworkManager.swift in Sources */,
				2244E0A0274CA3F700D70C0E /* Environment.swift in Sources */,
				2244E09E274C993900D70C0E /* WebViewController.swift in Sources */,
				2244E05A274C87A500D70C0E /* AppDelegate.swift in Sources */,
				2244E09A274C8BF800D70C0E /* ComicsError.swift in Sources */,
				2244E094274C89EB00D70C0E /* XkcdComic.swift in Sources */,
				2244E090274C897C00D70C0E /* RelevantComicResponse.swift in Sources */,
				2244E08A274C884400D70C0E /* SearchListViewController.swift in Sources */,
				2244E092274C899000D70C0E /* RelevantComic.swift in Sources */,
				2244E09C274C8D5A00D70C0E /* DetailViewController.swift in Sources */,
				2244E096274C8A6200D70C0E /* ComicsCollectionViewCell.swift in Sources */,
				2244E05C274C87A500D70C0E /* SceneDelegate.swift in Sources */,
			);
			runOnlyForDeploymentPostprocessing = 0;
		};
		2244E068274C87A700D70C0E /* Sources */ = {
			isa = PBXSourcesBuildPhase;
			buildActionMask = 2147483647;
			files = (
				2244E071274C87A700D70C0E /* xkcd_iOSTests.swift in Sources */,
			);
			runOnlyForDeploymentPostprocessing = 0;
		};
		2244E072274C87A700D70C0E /* Sources */ = {
			isa = PBXSourcesBuildPhase;
			buildActionMask = 2147483647;
			files = (
				2244E07D274C87A700D70C0E /* xkcd_iOSUITestsLaunchTests.swift in Sources */,
				2244E07B274C87A700D70C0E /* xkcd_iOSUITests.swift in Sources */,
			);
			runOnlyForDeploymentPostprocessing = 0;
		};
/* End PBXSourcesBuildPhase section */

/* Begin PBXTargetDependency section */
		2244E06E274C87A700D70C0E /* PBXTargetDependency */ = {
			isa = PBXTargetDependency;
			target = 2244E055274C87A500D70C0E /* xkcd-iOS */;
			targetProxy = 2244E06D274C87A700D70C0E /* PBXContainerItemProxy */;
		};
		2244E078274C87A700D70C0E /* PBXTargetDependency */ = {
			isa = PBXTargetDependency;
			target = 2244E055274C87A500D70C0E /* xkcd-iOS */;
			targetProxy = 2244E077274C87A700D70C0E /* PBXContainerItemProxy */;
		};
/* End PBXTargetDependency section */

/* Begin PBXVariantGroup section */
		2244E05F274C87A500D70C0E /* Main.storyboard */ = {
			isa = PBXVariantGroup;
			children = (
				2244E060274C87A500D70C0E /* Base */,
			);
			name = Main.storyboard;
			sourceTree = "<group>";
		};
		2244E064274C87A600D70C0E /* LaunchScreen.storyboard */ = {
			isa = PBXVariantGroup;
			children = (
				2244E065274C87A600D70C0E /* Base */,
			);
			name = LaunchScreen.storyboard;
			sourceTree = "<group>";
		};
/* End PBXVariantGroup section */

/* Begin XCBuildConfiguration section */
		2244E07E274C87A700D70C0E /* Debug */ = {
			isa = XCBuildConfiguration;
			buildSettings = {
				ALWAYS_SEARCH_USER_PATHS = NO;
				CLANG_ANALYZER_NONNULL = YES;
				CLANG_ANALYZER_NUMBER_OBJECT_CONVERSION = YES_AGGRESSIVE;
				CLANG_CXX_LANGUAGE_STANDARD = "gnu++17";
				CLANG_CXX_LIBRARY = "libc++";
				CLANG_ENABLE_MODULES = YES;
				CLANG_ENABLE_OBJC_ARC = YES;
				CLANG_ENABLE_OBJC_WEAK = YES;
				CLANG_WARN_BLOCK_CAPTURE_AUTORELEASING = YES;
				CLANG_WARN_BOOL_CONVERSION = YES;
				CLANG_WARN_COMMA = YES;
				CLANG_WARN_CONSTANT_CONVERSION = YES;
				CLANG_WARN_DEPRECATED_OBJC_IMPLEMENTATIONS = YES;
				CLANG_WARN_DIRECT_OBJC_ISA_USAGE = YES_ERROR;
				CLANG_WARN_DOCUMENTATION_COMMENTS = YES;
				CLANG_WARN_EMPTY_BODY = YES;
				CLANG_WARN_ENUM_CONVERSION = YES;
				CLANG_WARN_INFINITE_RECURSION = YES;
				CLANG_WARN_INT_CONVERSION = YES;
				CLANG_WARN_NON_LITERAL_NULL_CONVERSION = YES;
				CLANG_WARN_OBJC_IMPLICIT_RETAIN_SELF = YES;
				CLANG_WARN_OBJC_LITERAL_CONVERSION = YES;
				CLANG_WARN_OBJC_ROOT_CLASS = YES_ERROR;
				CLANG_WARN_QUOTED_INCLUDE_IN_FRAMEWORK_HEADER = YES;
				CLANG_WARN_RANGE_LOOP_ANALYSIS = YES;
				CLANG_WARN_STRICT_PROTOTYPES = YES;
				CLANG_WARN_SUSPICIOUS_MOVE = YES;
				CLANG_WARN_UNGUARDED_AVAILABILITY = YES_AGGRESSIVE;
				CLANG_WARN_UNREACHABLE_CODE = YES;
				CLANG_WARN__DUPLICATE_METHOD_MATCH = YES;
				COPY_PHASE_STRIP = NO;
				DEBUG_INFORMATION_FORMAT = dwarf;
				ENABLE_STRICT_OBJC_MSGSEND = YES;
				ENABLE_TESTABILITY = YES;
				GCC_C_LANGUAGE_STANDARD = gnu11;
				GCC_DYNAMIC_NO_PIC = NO;
				GCC_NO_COMMON_BLOCKS = YES;
				GCC_OPTIMIZATION_LEVEL = 0;
				GCC_PREPROCESSOR_DEFINITIONS = (
					"DEBUG=1",
					"$(inherited)",
				);
				GCC_WARN_64_TO_32_BIT_CONVERSION = YES;
				GCC_WARN_ABOUT_RETURN_TYPE = YES_ERROR;
				GCC_WARN_UNDECLARED_SELECTOR = YES;
				GCC_WARN_UNINITIALIZED_AUTOS = YES_AGGRESSIVE;
				GCC_WARN_UNUSED_FUNCTION = YES;
				GCC_WARN_UNUSED_VARIABLE = YES;
				IPHONEOS_DEPLOYMENT_TARGET = 15.0;
				MTL_ENABLE_DEBUG_INFO = INCLUDE_SOURCE;
				MTL_FAST_MATH = YES;
				ONLY_ACTIVE_ARCH = YES;
				SDKROOT = iphoneos;
				SWIFT_ACTIVE_COMPILATION_CONDITIONS = DEBUG;
				SWIFT_OPTIMIZATION_LEVEL = "-Onone";
			};
			name = Debug;
		};
		2244E07F274C87A700D70C0E /* Release */ = {
			isa = XCBuildConfiguration;
			buildSettings = {
				ALWAYS_SEARCH_USER_PATHS = NO;
				CLANG_ANALYZER_NONNULL = YES;
				CLANG_ANALYZER_NUMBER_OBJECT_CONVERSION = YES_AGGRESSIVE;
				CLANG_CXX_LANGUAGE_STANDARD = "gnu++17";
				CLANG_CXX_LIBRARY = "libc++";
				CLANG_ENABLE_MODULES = YES;
				CLANG_ENABLE_OBJC_ARC = YES;
				CLANG_ENABLE_OBJC_WEAK = YES;
				CLANG_WARN_BLOCK_CAPTURE_AUTORELEASING = YES;
				CLANG_WARN_BOOL_CONVERSION = YES;
				CLANG_WARN_COMMA = YES;
				CLANG_WARN_CONSTANT_CONVERSION = YES;
				CLANG_WARN_DEPRECATED_OBJC_IMPLEMENTATIONS = YES;
				CLANG_WARN_DIRECT_OBJC_ISA_USAGE = YES_ERROR;
				CLANG_WARN_DOCUMENTATION_COMMENTS = YES;
				CLANG_WARN_EMPTY_BODY = YES;
				CLANG_WARN_ENUM_CONVERSION = YES;
				CLANG_WARN_INFINITE_RECURSION = YES;
				CLANG_WARN_INT_CONVERSION = YES;
				CLANG_WARN_NON_LITERAL_NULL_CONVERSION = YES;
				CLANG_WARN_OBJC_IMPLICIT_RETAIN_SELF = YES;
				CLANG_WARN_OBJC_LITERAL_CONVERSION = YES;
				CLANG_WARN_OBJC_ROOT_CLASS = YES_ERROR;
				CLANG_WARN_QUOTED_INCLUDE_IN_FRAMEWORK_HEADER = YES;
				CLANG_WARN_RANGE_LOOP_ANALYSIS = YES;
				CLANG_WARN_STRICT_PROTOTYPES = YES;
				CLANG_WARN_SUSPICIOUS_MOVE = YES;
				CLANG_WARN_UNGUARDED_AVAILABILITY = YES_AGGRESSIVE;
				CLANG_WARN_UNREACHABLE_CODE = YES;
				CLANG_WARN__DUPLICATE_METHOD_MATCH = YES;
				COPY_PHASE_STRIP = NO;
				DEBUG_INFORMATION_FORMAT = "dwarf-with-dsym";
				ENABLE_NS_ASSERTIONS = NO;
				ENABLE_STRICT_OBJC_MSGSEND = YES;
				GCC_C_LANGUAGE_STANDARD = gnu11;
				GCC_NO_COMMON_BLOCKS = YES;
				GCC_WARN_64_TO_32_BIT_CONVERSION = YES;
				GCC_WARN_ABOUT_RETURN_TYPE = YES_ERROR;
				GCC_WARN_UNDECLARED_SELECTOR = YES;
				GCC_WARN_UNINITIALIZED_AUTOS = YES_AGGRESSIVE;
				GCC_WARN_UNUSED_FUNCTION = YES;
				GCC_WARN_UNUSED_VARIABLE = YES;
				IPHONEOS_DEPLOYMENT_TARGET = 15.0;
				MTL_ENABLE_DEBUG_INFO = NO;
				MTL_FAST_MATH = YES;
				SDKROOT = iphoneos;
				SWIFT_COMPILATION_MODE = wholemodule;
				SWIFT_OPTIMIZATION_LEVEL = "-O";
				VALIDATE_PRODUCT = YES;
			};
			name = Release;
		};
		2244E081274C87A700D70C0E /* Debug */ = {
			isa = XCBuildConfiguration;
			buildSettings = {
				ASSETCATALOG_COMPILER_APPICON_NAME = AppIcon;
				ASSETCATALOG_COMPILER_GLOBAL_ACCENT_COLOR_NAME = AccentColor;
				CODE_SIGN_STYLE = Automatic;
				CURRENT_PROJECT_VERSION = 1;
				DEVELOPMENT_TEAM = 7336P74XRT;
				GENERATE_INFOPLIST_FILE = YES;
				INFOPLIST_FILE = "xkcd-iOS/Info.plist";
				INFOPLIST_KEY_UIApplicationSupportsIndirectInputEvents = YES;
				INFOPLIST_KEY_UILaunchStoryboardName = LaunchScreen;
				INFOPLIST_KEY_UIMainStoryboardFile = Main;
				INFOPLIST_KEY_UISupportedInterfaceOrientations_iPad = "UIInterfaceOrientationPortrait UIInterfaceOrientationPortraitUpsideDown UIInterfaceOrientationLandscapeLeft UIInterfaceOrientationLandscapeRight";
				INFOPLIST_KEY_UISupportedInterfaceOrientations_iPhone = "UIInterfaceOrientationPortrait UIInterfaceOrientationLandscapeLeft UIInterfaceOrientationLandscapeRight";
				LD_RUNPATH_SEARCH_PATHS = (
					"$(inherited)",
					"@executable_path/Frameworks",
				);
				MARKETING_VERSION = 1.0;
				PRODUCT_BUNDLE_IDENTIFIER = "nnsaori.xkcd-iOS";
				PRODUCT_NAME = "$(TARGET_NAME)";
				SWIFT_EMIT_LOC_STRINGS = YES;
				SWIFT_VERSION = 5.0;
				TARGETED_DEVICE_FAMILY = "1,2";
			};
			name = Debug;
		};
		2244E082274C87A700D70C0E /* Release */ = {
			isa = XCBuildConfiguration;
			buildSettings = {
				ASSETCATALOG_COMPILER_APPICON_NAME = AppIcon;
				ASSETCATALOG_COMPILER_GLOBAL_ACCENT_COLOR_NAME = AccentColor;
				CODE_SIGN_STYLE = Automatic;
				CURRENT_PROJECT_VERSION = 1;
				DEVELOPMENT_TEAM = 7336P74XRT;
				GENERATE_INFOPLIST_FILE = YES;
				INFOPLIST_FILE = "xkcd-iOS/Info.plist";
				INFOPLIST_KEY_UIApplicationSupportsIndirectInputEvents = YES;
				INFOPLIST_KEY_UILaunchStoryboardName = LaunchScreen;
				INFOPLIST_KEY_UIMainStoryboardFile = Main;
				INFOPLIST_KEY_UISupportedInterfaceOrientations_iPad = "UIInterfaceOrientationPortrait UIInterfaceOrientationPortraitUpsideDown UIInterfaceOrientationLandscapeLeft UIInterfaceOrientationLandscapeRight";
				INFOPLIST_KEY_UISupportedInterfaceOrientations_iPhone = "UIInterfaceOrientationPortrait UIInterfaceOrientationLandscapeLeft UIInterfaceOrientationLandscapeRight";
				LD_RUNPATH_SEARCH_PATHS = (
					"$(inherited)",
					"@executable_path/Frameworks",
				);
				MARKETING_VERSION = 1.0;
				PRODUCT_BUNDLE_IDENTIFIER = "nnsaori.xkcd-iOS";
				PRODUCT_NAME = "$(TARGET_NAME)";
				SWIFT_EMIT_LOC_STRINGS = YES;
				SWIFT_VERSION = 5.0;
				TARGETED_DEVICE_FAMILY = "1,2";
			};
			name = Release;
		};
		2244E084274C87A700D70C0E /* Debug */ = {
			isa = XCBuildConfiguration;
			buildSettings = {
				ALWAYS_EMBED_SWIFT_STANDARD_LIBRARIES = YES;
				BUNDLE_LOADER = "$(TEST_HOST)";
				CODE_SIGN_STYLE = Automatic;
				CURRENT_PROJECT_VERSION = 1;
				DEVELOPMENT_TEAM = 7336P74XRT;
				GENERATE_INFOPLIST_FILE = YES;
				IPHONEOS_DEPLOYMENT_TARGET = 15.0;
				LD_RUNPATH_SEARCH_PATHS = (
					"$(inherited)",
					"@executable_path/Frameworks",
					"@loader_path/Frameworks",
				);
				MARKETING_VERSION = 1.0;
				PRODUCT_BUNDLE_IDENTIFIER = "nnsaori.xkcd-iOSTests";
				PRODUCT_NAME = "$(TARGET_NAME)";
				SWIFT_EMIT_LOC_STRINGS = NO;
				SWIFT_VERSION = 5.0;
				TARGETED_DEVICE_FAMILY = "1,2";
				TEST_HOST = "$(BUILT_PRODUCTS_DIR)/xkcd-iOS.app/xkcd-iOS";
			};
			name = Debug;
		};
		2244E085274C87A700D70C0E /* Release */ = {
			isa = XCBuildConfiguration;
			buildSettings = {
				ALWAYS_EMBED_SWIFT_STANDARD_LIBRARIES = YES;
				BUNDLE_LOADER = "$(TEST_HOST)";
				CODE_SIGN_STYLE = Automatic;
				CURRENT_PROJECT_VERSION = 1;
				DEVELOPMENT_TEAM = 7336P74XRT;
				GENERATE_INFOPLIST_FILE = YES;
				IPHONEOS_DEPLOYMENT_TARGET = 15.0;
				LD_RUNPATH_SEARCH_PATHS = (
					"$(inherited)",
					"@executable_path/Frameworks",
					"@loader_path/Frameworks",
				);
				MARKETING_VERSION = 1.0;
				PRODUCT_BUNDLE_IDENTIFIER = "nnsaori.xkcd-iOSTests";
				PRODUCT_NAME = "$(TARGET_NAME)";
				SWIFT_EMIT_LOC_STRINGS = NO;
				SWIFT_VERSION = 5.0;
				TARGETED_DEVICE_FAMILY = "1,2";
				TEST_HOST = "$(BUILT_PRODUCTS_DIR)/xkcd-iOS.app/xkcd-iOS";
			};
			name = Release;
		};
		2244E087274C87A700D70C0E /* Debug */ = {
			isa = XCBuildConfiguration;
			buildSettings = {
				ALWAYS_EMBED_SWIFT_STANDARD_LIBRARIES = YES;
				CODE_SIGN_STYLE = Automatic;
				CURRENT_PROJECT_VERSION = 1;
				DEVELOPMENT_TEAM = 7336P74XRT;
				GENERATE_INFOPLIST_FILE = YES;
				LD_RUNPATH_SEARCH_PATHS = (
					"$(inherited)",
					"@executable_path/Frameworks",
					"@loader_path/Frameworks",
				);
				MARKETING_VERSION = 1.0;
				PRODUCT_BUNDLE_IDENTIFIER = "nnsaori.xkcd-iOSUITests";
				PRODUCT_NAME = "$(TARGET_NAME)";
				SWIFT_EMIT_LOC_STRINGS = NO;
				SWIFT_VERSION = 5.0;
				TARGETED_DEVICE_FAMILY = "1,2";
				TEST_TARGET_NAME = "xkcd-iOS";
			};
			name = Debug;
		};
		2244E088274C87A700D70C0E /* Release */ = {
			isa = XCBuildConfiguration;
			buildSettings = {
				ALWAYS_EMBED_SWIFT_STANDARD_LIBRARIES = YES;
				CODE_SIGN_STYLE = Automatic;
				CURRENT_PROJECT_VERSION = 1;
				DEVELOPMENT_TEAM = 7336P74XRT;
				GENERATE_INFOPLIST_FILE = YES;
				LD_RUNPATH_SEARCH_PATHS = (
					"$(inherited)",
					"@executable_path/Frameworks",
					"@loader_path/Frameworks",
				);
				MARKETING_VERSION = 1.0;
				PRODUCT_BUNDLE_IDENTIFIER = "nnsaori.xkcd-iOSUITests";
				PRODUCT_NAME = "$(TARGET_NAME)";
				SWIFT_EMIT_LOC_STRINGS = NO;
				SWIFT_VERSION = 5.0;
				TARGETED_DEVICE_FAMILY = "1,2";
				TEST_TARGET_NAME = "xkcd-iOS";
			};
			name = Release;
		};
/* End XCBuildConfiguration section */

/* Begin XCConfigurationList section */
		2244E051274C87A500D70C0E /* Build configuration list for PBXProject "xkcd-iOS" */ = {
			isa = XCConfigurationList;
			buildConfigurations = (
				2244E07E274C87A700D70C0E /* Debug */,
				2244E07F274C87A700D70C0E /* Release */,
			);
			defaultConfigurationIsVisible = 0;
			defaultConfigurationName = Release;
		};
		2244E080274C87A700D70C0E /* Build configuration list for PBXNativeTarget "xkcd-iOS" */ = {
			isa = XCConfigurationList;
			buildConfigurations = (
				2244E081274C87A700D70C0E /* Debug */,
				2244E082274C87A700D70C0E /* Release */,
			);
			defaultConfigurationIsVisible = 0;
			defaultConfigurationName = Release;
		};
		2244E083274C87A700D70C0E /* Build configuration list for PBXNativeTarget "xkcd-iOSTests" */ = {
			isa = XCConfigurationList;
			buildConfigurations = (
				2244E084274C87A700D70C0E /* Debug */,
				2244E085274C87A700D70C0E /* Release */,
			);
			defaultConfigurationIsVisible = 0;
			defaultConfigurationName = Release;
		};
		2244E086274C87A700D70C0E /* Build configuration list for PBXNativeTarget "xkcd-iOSUITests" */ = {
			isa = XCConfigurationList;
			buildConfigurations = (
				2244E087274C87A700D70C0E /* Debug */,
				2244E088274C87A700D70C0E /* Release */,
			);
			defaultConfigurationIsVisible = 0;
			defaultConfigurationName = Release;
		};
/* End XCConfigurationList section */
	};
	rootObject = 2244E04E274C87A500D70C0E /* Project object */;
}
